// !$*UTF8*$!
{
	archiveVersion = 1;
	classes = {
	};
	objectVersion = 56;
	objects = {

/* Begin PBXBuildFile section */
		B859ABA52B184ECC0042EC95 /* SettingAppApp.swift in Sources */ = {isa = PBXBuildFile; fileRef = B859ABA42B184ECC0042EC95 /* SettingAppApp.swift */; };
		B859ABA72B184ECC0042EC95 /* ContentView.swift in Sources */ = {isa = PBXBuildFile; fileRef = B859ABA62B184ECC0042EC95 /* ContentView.swift */; };
		B859ABA92B184ECD0042EC95 /* Assets.xcassets in Resources */ = {isa = PBXBuildFile; fileRef = B859ABA82B184ECD0042EC95 /* Assets.xcassets */; };
		B859ABAC2B184ECD0042EC95 /* Preview Assets.xcassets in Resources */ = {isa = PBXBuildFile; fileRef = B859ABAB2B184ECD0042EC95 /* Preview Assets.xcassets */; };
		B859ABB62B184ECD0042EC95 /* SettingAppTests.swift in Sources */ = {isa = PBXBuildFile; fileRef = B859ABB52B184ECD0042EC95 /* SettingAppTests.swift */; };
		B859ABC02B184ECD0042EC95 /* SettingAppUITests.swift in Sources */ = {isa = PBXBuildFile; fileRef = B859ABBF2B184ECD0042EC95 /* SettingAppUITests.swift */; };
		B859ABC22B184ECD0042EC95 /* SettingAppUITestsLaunchTests.swift in Sources */ = {isa = PBXBuildFile; fileRef = B859ABC12B184ECD0042EC95 /* SettingAppUITestsLaunchTests.swift */; };
/* End PBXBuildFile section */

/* Begin PBXContainerItemProxy section */
		B859ABB22B184ECD0042EC95 /* PBXContainerItemProxy */ = {
			isa = PBXContainerItemProxy;
			containerPortal = B859AB992B184ECC0042EC95 /* Project object */;
			proxyType = 1;
			remoteGlobalIDString = B859ABA02B184ECC0042EC95;
			remoteInfo = SettingApp;
		};
		B859ABBC2B184ECD0042EC95 /* PBXContainerItemProxy */ = {
			isa = PBXContainerItemProxy;
			containerPortal = B859AB992B184ECC0042EC95 /* Project object */;
			proxyType = 1;
			remoteGlobalIDString = B859ABA02B184ECC0042EC95;
			remoteInfo = SettingApp;
		};
/* End PBXContainerItemProxy section */

/* Begin PBXFileReference section */
		B859ABA12B184ECC0042EC95 /* SettingApp.app */ = {isa = PBXFileReference; explicitFileType = wrapper.application; includeInIndex = 0; path = SettingApp.app; sourceTree = BUILT_PRODUCTS_DIR; };
		B859ABA42B184ECC0042EC95 /* SettingAppApp.swift */ = {isa = PBXFileReference; lastKnownFileType = sourcecode.swift; path = SettingAppApp.swift; sourceTree = "<group>"; };
		B859ABA62B184ECC0042EC95 /* ContentView.swift */ = {isa = PBXFileReference; lastKnownFileType = sourcecode.swift; path = ContentView.swift; sourceTree = "<group>"; };
		B859ABA82B184ECD0042EC95 /* Assets.xcassets */ = {isa = PBXFileReference; lastKnownFileType = folder.assetcatalog; path = Assets.xcassets; sourceTree = "<group>"; };
		B859ABAB2B184ECD0042EC95 /* Preview Assets.xcassets */ = {isa = PBXFileReference; lastKnownFileType = folder.assetcatalog; path = "Preview Assets.xcassets"; sourceTree = "<group>"; };
		B859ABB12B184ECD0042EC95 /* SettingAppTests.xctest */ = {isa = PBXFileReference; explicitFileType = wrapper.cfbundle; includeInIndex = 0; path = SettingAppTests.xctest; sourceTree = BUILT_PRODUCTS_DIR; };
		B859ABB52B184ECD0042EC95 /* SettingAppTests.swift */ = {isa = PBXFileReference; lastKnownFileType = sourcecode.swift; path = SettingAppTests.swift; sourceTree = "<group>"; };
		B859ABBB2B184ECD0042EC95 /* SettingAppUITests.xctest */ = {isa = PBXFileReference; explicitFileType = wrapper.cfbundle; includeInIndex = 0; path = SettingAppUITests.xctest; sourceTree = BUILT_PRODUCTS_DIR; };
		B859ABBF2B184ECD0042EC95 /* SettingAppUITests.swift */ = {isa = PBXFileReference; lastKnownFileType = sourcecode.swift; path = SettingAppUITests.swift; sourceTree = "<group>"; };
		B859ABC12B184ECD0042EC95 /* SettingAppUITestsLaunchTests.swift */ = {isa = PBXFileReference; lastKnownFileType = sourcecode.swift; path = SettingAppUITestsLaunchTests.swift; sourceTree = "<group>"; };
/* End PBXFileReference section */

/* Begin PBXFrameworksBuildPhase section */
		B859AB9E2B184ECC0042EC95 /* Frameworks */ = {
			isa = PBXFrameworksBuildPhase;
			buildActionMask = 2147483647;
			files = (
			);
			runOnlyForDeploymentPostprocessing = 0;
		};
		B859ABAE2B184ECD0042EC95 /* Frameworks */ = {
			isa = PBXFrameworksBuildPhase;
			buildActionMask = 2147483647;
			files = (
			);
			runOnlyForDeploymentPostprocessing = 0;
		};
		B859ABB82B184ECD0042EC95 /* Frameworks */ = {
			isa = PBXFrameworksBuildPhase;
			buildActionMask = 2147483647;
			files = (
			);
			runOnlyForDeploymentPostprocessing = 0;
		};
/* End PBXFrameworksBuildPhase section */

/* Begin PBXGroup section */
		B859AB982B184ECC0042EC95 = {
			isa = PBXGroup;
			children = (
				B859ABA32B184ECC0042EC95 /* SettingApp */,
				B859ABB42B184ECD0042EC95 /* SettingAppTests */,
				B859ABBE2B184ECD0042EC95 /* SettingAppUITests */,
				B859ABA22B184ECC0042EC95 /* Products */,
			);
			sourceTree = "<group>";
		};
		B859ABA22B184ECC0042EC95 /* Products */ = {
			isa = PBXGroup;
			children = (
				B859ABA12B184ECC0042EC95 /* SettingApp.app */,
				B859ABB12B184ECD0042EC95 /* SettingAppTests.xctest */,
				B859ABBB2B184ECD0042EC95 /* SettingAppUITests.xctest */,
			);
			name = Products;
			sourceTree = "<group>";
		};
		B859ABA32B184ECC0042EC95 /* SettingApp */ = {
			isa = PBXGroup;
			children = (
				B859ABA42B184ECC0042EC95 /* SettingAppApp.swift */,
				B859ABA62B184ECC0042EC95 /* ContentView.swift */,
				B859ABA82B184ECD0042EC95 /* Assets.xcassets */,
				B859ABAA2B184ECD0042EC95 /* Preview Content */,
			);
			path = SettingApp;
			sourceTree = "<group>";
		};
		B859ABAA2B184ECD0042EC95 /* Preview Content */ = {
			isa = PBXGroup;
			children = (
				B859ABAB2B184ECD0042EC95 /* Preview Assets.xcassets */,
			);
			path = "Preview Content";
			sourceTree = "<group>";
		};
		B859ABB42B184ECD0042EC95 /* SettingAppTests */ = {
			isa = PBXGroup;
			children = (
				B859ABB52B184ECD0042EC95 /* SettingAppTests.swift */,
			);
			path = SettingAppTests;
			sourceTree = "<group>";
		};
		B859ABBE2B184ECD0042EC95 /* SettingAppUITests */ = {
			isa = PBXGroup;
			children = (
				B859ABBF2B184ECD0042EC95 /* SettingAppUITests.swift */,
				B859ABC12B184ECD0042EC95 /* SettingAppUITestsLaunchTests.swift */,
			);
			path = SettingAppUITests;
			sourceTree = "<group>";
		};
/* End PBXGroup section */

/* Begin PBXNativeTarget section */
		B859ABA02B184ECC0042EC95 /* SettingApp */ = {
			isa = PBXNativeTarget;
			buildConfigurationList = B859ABC52B184ECD0042EC95 /* Build configuration list for PBXNativeTarget "SettingApp" */;
			buildPhases = (
				B859AB9D2B184ECC0042EC95 /* Sources */,
				B859AB9E2B184ECC0042EC95 /* Frameworks */,
				B859AB9F2B184ECC0042EC95 /* Resources */,
			);
			buildRules = (
			);
			dependencies = (
			);
			name = SettingApp;
			productName = SettingApp;
			productReference = B859ABA12B184ECC0042EC95 /* SettingApp.app */;
			productType = "com.apple.product-type.application";
		};
		B859ABB02B184ECD0042EC95 /* SettingAppTests */ = {
			isa = PBXNativeTarget;
			buildConfigurationList = B859ABC82B184ECD0042EC95 /* Build configuration list for PBXNativeTarget "SettingAppTests" */;
			buildPhases = (
				B859ABAD2B184ECD0042EC95 /* Sources */,
				B859ABAE2B184ECD0042EC95 /* Frameworks */,
				B859ABAF2B184ECD0042EC95 /* Resources */,
			);
			buildRules = (
			);
			dependencies = (
				B859ABB32B184ECD0042EC95 /* PBXTargetDependency */,
			);
			name = SettingAppTests;
			productName = SettingAppTests;
			productReference = B859ABB12B184ECD0042EC95 /* SettingAppTests.xctest */;
			productType = "com.apple.product-type.bundle.unit-test";
		};
		B859ABBA2B184ECD0042EC95 /* SettingAppUITests */ = {
			isa = PBXNativeTarget;
			buildConfigurationList = B859ABCB2B184ECD0042EC95 /* Build configuration list for PBXNativeTarget "SettingAppUITests" */;
			buildPhases = (
				B859ABB72B184ECD0042EC95 /* Sources */,
				B859ABB82B184ECD0042EC95 /* Frameworks */,
				B859ABB92B184ECD0042EC95 /* Resources */,
			);
			buildRules = (
			);
			dependencies = (
				B859ABBD2B184ECD0042EC95 /* PBXTargetDependency */,
			);
			name = SettingAppUITests;
			productName = SettingAppUITests;
			productReference = B859ABBB2B184ECD0042EC95 /* SettingAppUITests.xctest */;
			productType = "com.apple.product-type.bundle.ui-testing";
		};
/* End PBXNativeTarget section */

/* Begin PBXProject section */
		B859AB992B184ECC0042EC95 /* Project object */ = {
			isa = PBXProject;
			attributes = {
				BuildIndependentTargetsInParallel = 1;
				LastSwiftUpdateCheck = 1500;
				LastUpgradeCheck = 1500;
				TargetAttributes = {
					B859ABA02B184ECC0042EC95 = {
						CreatedOnToolsVersion = 15.0.1;
					};
					B859ABB02B184ECD0042EC95 = {
						CreatedOnToolsVersion = 15.0.1;
						TestTargetID = B859ABA02B184ECC0042EC95;
					};
					B859ABBA2B184ECD0042EC95 = {
						CreatedOnToolsVersion = 15.0.1;
						TestTargetID = B859ABA02B184ECC0042EC95;
					};
				};
			};
			buildConfigurationList = B859AB9C2B184ECC0042EC95 /* Build configuration list for PBXProject "SettingApp" */;
			compatibilityVersion = "Xcode 14.0";
			developmentRegion = en;
			hasScannedForEncodings = 0;
			knownRegions = (
				en,
				Base,
			);
			mainGroup = B859AB982B184ECC0042EC95;
			productRefGroup = B859ABA22B184ECC0042EC95 /* Products */;
			projectDirPath = "";
			projectRoot = "";
			targets = (
				B859ABA02B184ECC0042EC95 /* SettingApp */,
				B859ABB02B184ECD0042EC95 /* SettingAppTests */,
				B859ABBA2B184ECD0042EC95 /* SettingAppUITests */,
			);
		};
/* End PBXProject section */

/* Begin PBXResourcesBuildPhase section */
		B859AB9F2B184ECC0042EC95 /* Resources */ = {
			isa = PBXResourcesBuildPhase;
			buildActionMask = 2147483647;
			files = (
				B859ABAC2B184ECD0042EC95 /* Preview Assets.xcassets in Resources */,
				B859ABA92B184ECD0042EC95 /* Assets.xcassets in Resources */,
			);
			runOnlyForDeploymentPostprocessing = 0;
		};
		B859ABAF2B184ECD0042EC95 /* Resources */ = {
			isa = PBXResourcesBuildPhase;
			buildActionMask = 2147483647;
			files = (
			);
			runOnlyForDeploymentPostprocessing = 0;
		};
		B859ABB92B184ECD0042EC95 /* Resources */ = {
			isa = PBXResourcesBuildPhase;
			buildActionMask = 2147483647;
			files = (
			);
			runOnlyForDeploymentPostprocessing = 0;
		};
/* End PBXResourcesBuildPhase section */

/* Begin PBXSourcesBuildPhase section */
		B859AB9D2B184ECC0042EC95 /* Sources */ = {
			isa = PBXSourcesBuildPhase;
			buildActionMask = 2147483647;
			files = (
				B859ABA72B184ECC0042EC95 /* ContentView.swift in Sources */,
				B859ABA52B184ECC0042EC95 /* SettingAppApp.swift in Sources */,
			);
			runOnlyForDeploymentPostprocessing = 0;
		};
		B859ABAD2B184ECD0042EC95 /* Sources */ = {
			isa = PBXSourcesBuildPhase;
			buildActionMask = 2147483647;
			files = (
				B859ABB62B184ECD0042EC95 /* SettingAppTests.swift in Sources */,
			);
			runOnlyForDeploymentPostprocessing = 0;
		};
		B859ABB72B184ECD0042EC95 /* Sources */ = {
			isa = PBXSourcesBuildPhase;
			buildActionMask = 2147483647;
			files = (
				B859ABC02B184ECD0042EC95 /* SettingAppUITests.swift in Sources */,
				B859ABC22B184ECD0042EC95 /* SettingAppUITestsLaunchTests.swift in Sources */,
			);
			runOnlyForDeploymentPostprocessing = 0;
		};
/* End PBXSourcesBuildPhase section */

/* Begin PBXTargetDependency section */
		B859ABB32B184ECD0042EC95 /* PBXTargetDependency */ = {
			isa = PBXTargetDependency;
			target = B859ABA02B184ECC0042EC95 /* SettingApp */;
			targetProxy = B859ABB22B184ECD0042EC95 /* PBXContainerItemProxy */;
		};
		B859ABBD2B184ECD0042EC95 /* PBXTargetDependency */ = {
			isa = PBXTargetDependency;
			target = B859ABA02B184ECC0042EC95 /* SettingApp */;
			targetProxy = B859ABBC2B184ECD0042EC95 /* PBXContainerItemProxy */;
		};
/* End PBXTargetDependency section */

/* Begin XCBuildConfiguration section */
		B859ABC32B184ECD0042EC95 /* Debug */ = {
			isa = XCBuildConfiguration;
			buildSettings = {
				ALWAYS_SEARCH_USER_PATHS = NO;
				ASSETCATALOG_COMPILER_GENERATE_SWIFT_ASSET_SYMBOL_EXTENSIONS = YES;
				CLANG_ANALYZER_NONNULL = YES;
				CLANG_ANALYZER_NUMBER_OBJECT_CONVERSION = YES_AGGRESSIVE;
				CLANG_CXX_LANGUAGE_STANDARD = "gnu++20";
				CLANG_ENABLE_MODULES = YES;
				CLANG_ENABLE_OBJC_ARC = YES;
				CLANG_ENABLE_OBJC_WEAK = YES;
				CLANG_WARN_BLOCK_CAPTURE_AUTORELEASING = YES;
				CLANG_WARN_BOOL_CONVERSION = YES;
				CLANG_WARN_COMMA = YES;
				CLANG_WARN_CONSTANT_CONVERSION = YES;
				CLANG_WARN_DEPRECATED_OBJC_IMPLEMENTATIONS = YES;
				CLANG_WARN_DIRECT_OBJC_ISA_USAGE = YES_ERROR;
				CLANG_WARN_DOCUMENTATION_COMMENTS = YES;
				CLANG_WARN_EMPTY_BODY = YES;
				CLANG_WARN_ENUM_CONVERSION = YES;
				CLANG_WARN_INFINITE_RECURSION = YES;
				CLANG_WARN_INT_CONVERSION = YES;
				CLANG_WARN_NON_LITERAL_NULL_CONVERSION = YES;
				CLANG_WARN_OBJC_IMPLICIT_RETAIN_SELF = YES;
				CLANG_WARN_OBJC_LITERAL_CONVERSION = YES;
				CLANG_WARN_OBJC_ROOT_CLASS = YES_ERROR;
				CLANG_WARN_QUOTED_INCLUDE_IN_FRAMEWORK_HEADER = YES;
				CLANG_WARN_RANGE_LOOP_ANALYSIS = YES;
				CLANG_WARN_STRICT_PROTOTYPES = YES;
				CLANG_WARN_SUSPICIOUS_MOVE = YES;
				CLANG_WARN_UNGUARDED_AVAILABILITY = YES_AGGRESSIVE;
				CLANG_WARN_UNREACHABLE_CODE = YES;
				CLANG_WARN__DUPLICATE_METHOD_MATCH = YES;
				COPY_PHASE_STRIP = NO;
				DEBUG_INFORMATION_FORMAT = dwarf;
				ENABLE_STRICT_OBJC_MSGSEND = YES;
				ENABLE_TESTABILITY = YES;
				ENABLE_USER_SCRIPT_SANDBOXING = YES;
				GCC_C_LANGUAGE_STANDARD = gnu17;
				GCC_DYNAMIC_NO_PIC = NO;
				GCC_NO_COMMON_BLOCKS = YES;
				GCC_OPTIMIZATION_LEVEL = 0;
				GCC_PREPROCESSOR_DEFINITIONS = (
					"DEBUG=1",
					"$(inherited)",
				);
				GCC_WARN_64_TO_32_BIT_CONVERSION = YES;
				GCC_WARN_ABOUT_RETURN_TYPE = YES_ERROR;
				GCC_WARN_UNDECLARED_SELECTOR = YES;
				GCC_WARN_UNINITIALIZED_AUTOS = YES_AGGRESSIVE;
				GCC_WARN_UNUSED_FUNCTION = YES;
				GCC_WARN_UNUSED_VARIABLE = YES;
				IPHONEOS_DEPLOYMENT_TARGET = 17.0;
				LOCALIZATION_PREFERS_STRING_CATALOGS = YES;
				MTL_ENABLE_DEBUG_INFO = INCLUDE_SOURCE;
				MTL_FAST_MATH = YES;
				ONLY_ACTIVE_ARCH = YES;
				SDKROOT = iphoneos;
				SWIFT_ACTIVE_COMPILATION_CONDITIONS = "DEBUG $(inherited)";
				SWIFT_OPTIMIZATION_LEVEL = "-Onone";
			};
			name = Debug;
		};
		B859ABC42B184ECD0042EC95 /* Release */ = {
			isa = XCBuildConfiguration;
			buildSettings = {
				ALWAYS_SEARCH_USER_PATHS = NO;
				ASSETCATALOG_COMPILER_GENERATE_SWIFT_ASSET_SYMBOL_EXTENSIONS = YES;
				CLANG_ANALYZER_NONNULL = YES;
				CLANG_ANALYZER_NUMBER_OBJECT_CONVERSION = YES_AGGRESSIVE;
				CLANG_CXX_LANGUAGE_STANDARD = "gnu++20";
				CLANG_ENABLE_MODULES = YES;
				CLANG_ENABLE_OBJC_ARC = YES;
				CLANG_ENABLE_OBJC_WEAK = YES;
				CLANG_WARN_BLOCK_CAPTURE_AUTORELEASING = YES;
				CLANG_WARN_BOOL_CONVERSION = YES;
				CLANG_WARN_COMMA = YES;
				CLANG_WARN_CONSTANT_CONVERSION = YES;
				CLANG_WARN_DEPRECATED_OBJC_IMPLEMENTATIONS = YES;
				CLANG_WARN_DIRECT_OBJC_ISA_USAGE = YES_ERROR;
				CLANG_WARN_DOCUMENTATION_COMMENTS = YES;
				CLANG_WARN_EMPTY_BODY = YES;
				CLANG_WARN_ENUM_CONVERSION = YES;
				CLANG_WARN_INFINITE_RECURSION = YES;
				CLANG_WARN_INT_CONVERSION = YES;
				CLANG_WARN_NON_LITERAL_NULL_CONVERSION = YES;
				CLANG_WARN_OBJC_IMPLICIT_RETAIN_SELF = YES;
				CLANG_WARN_OBJC_LITERAL_CONVERSION = YES;
				CLANG_WARN_OBJC_ROOT_CLASS = YES_ERROR;
				CLANG_WARN_QUOTED_INCLUDE_IN_FRAMEWORK_HEADER = YES;
				CLANG_WARN_RANGE_LOOP_ANALYSIS = YES;
				CLANG_WARN_STRICT_PROTOTYPES = YES;
				CLANG_WARN_SUSPICIOUS_MOVE = YES;
				CLANG_WARN_UNGUARDED_AVAILABILITY = YES_AGGRESSIVE;
				CLANG_WARN_UNREACHABLE_CODE = YES;
				CLANG_WARN__DUPLICATE_METHOD_MATCH = YES;
				COPY_PHASE_STRIP = NO;
				DEBUG_INFORMATION_FORMAT = "dwarf-with-dsym";
				ENABLE_NS_ASSERTIONS = NO;
				ENABLE_STRICT_OBJC_MSGSEND = YES;
				ENABLE_USER_SCRIPT_SANDBOXING = YES;
				GCC_C_LANGUAGE_STANDARD = gnu17;
				GCC_NO_COMMON_BLOCKS = YES;
				GCC_WARN_64_TO_32_BIT_CONVERSION = YES;
				GCC_WARN_ABOUT_RETURN_TYPE = YES_ERROR;
				GCC_WARN_UNDECLARED_SELECTOR = YES;
				GCC_WARN_UNINITIALIZED_AUTOS = YES_AGGRESSIVE;
				GCC_WARN_UNUSED_FUNCTION = YES;
				GCC_WARN_UNUSED_VARIABLE = YES;
				IPHONEOS_DEPLOYMENT_TARGET = 17.0;
				LOCALIZATION_PREFERS_STRING_CATALOGS = YES;
				MTL_ENABLE_DEBUG_INFO = NO;
				MTL_FAST_MATH = YES;
				SDKROOT = iphoneos;
				SWIFT_COMPILATION_MODE = wholemodule;
				VALIDATE_PRODUCT = YES;
			};
			name = Release;
		};
		B859ABC62B184ECD0042EC95 /* Debug */ = {
			isa = XCBuildConfiguration;
			buildSettings = {
				ASSETCATALOG_COMPILER_APPICON_NAME = AppIcon;
				ASSETCATALOG_COMPILER_GLOBAL_ACCENT_COLOR_NAME = AccentColor;
				CODE_SIGN_STYLE = Automatic;
				CURRENT_PROJECT_VERSION = 1;
				DEVELOPMENT_ASSET_PATHS = "\"SettingApp/Preview Content\"";
				DEVELOPMENT_TEAM = HRGV3U4QN8;
				ENABLE_PREVIEWS = YES;
				GENERATE_INFOPLIST_FILE = YES;
				INFOPLIST_KEY_UIApplicationSceneManifest_Generation = YES;
				INFOPLIST_KEY_UIApplicationSupportsIndirectInputEvents = YES;
				INFOPLIST_KEY_UILaunchScreen_Generation = YES;
				INFOPLIST_KEY_UISupportedInterfaceOrientations_iPad = "UIInterfaceOrientationPortrait UIInterfaceOrientationPortraitUpsideDown UIInterfaceOrientationLandscapeLeft UIInterfaceOrientationLandscapeRight";
				INFOPLIST_KEY_UISupportedInterfaceOrientations_iPhone = "UIInterfaceOrientationPortrait UIInterfaceOrientationLandscapeLeft UIInterfaceOrientationLandscapeRight";
				LD_RUNPATH_SEARCH_PATHS = (
					"$(inherited)",
					"@executable_path/Frameworks",
				);
				MARKETING_VERSION = 1.0;
				PRODUCT_BUNDLE_IDENTIFIER = com.naver.yyj1453.SettingApp;
				PRODUCT_NAME = "$(TARGET_NAME)";
				SWIFT_EMIT_LOC_STRINGS = YES;
				SWIFT_VERSION = 5.0;
				TARGETED_DEVICE_FAMILY = "1,2";
			};
			name = Debug;
		};
		B859ABC72B184ECD0042EC95 /* Release */ = {
			isa = XCBuildConfiguration;
			buildSettings = {
				ASSETCATALOG_COMPILER_APPICON_NAME = AppIcon;
				ASSETCATALOG_COMPILER_GLOBAL_ACCENT_COLOR_NAME = AccentColor;
				CODE_SIGN_STYLE = Automatic;
				CURRENT_PROJECT_VERSION = 1;
				DEVELOPMENT_ASSET_PATHS = "\"SettingApp/Preview Content\"";
				DEVELOPMENT_TEAM = HRGV3U4QN8;
				ENABLE_PREVIEWS = YES;
				GENERATE_INFOPLIST_FILE = YES;
				INFOPLIST_KEY_UIApplicationSceneManifest_Generation = YES;
				INFOPLIST_KEY_UIApplicationSupportsIndirectInputEvents = YES;
				INFOPLIST_KEY_UILaunchScreen_Generation = YES;
				INFOPLIST_KEY_UISupportedInterfaceOrientations_iPad = "UIInterfaceOrientationPortrait UIInterfaceOrientationPortraitUpsideDown UIInterfaceOrientationLandscapeLeft UIInterfaceOrientationLandscapeRight";
				INFOPLIST_KEY_UISupportedInterfaceOrientations_iPhone = "UIInterfaceOrientationPortrait UIInterfaceOrientationLandscapeLeft UIInterfaceOrientationLandscapeRight";
				LD_RUNPATH_SEARCH_PATHS = (
					"$(inherited)",
					"@executable_path/Frameworks",
				);
				MARKETING_VERSION = 1.0;
				PRODUCT_BUNDLE_IDENTIFIER = com.naver.yyj1453.SettingApp;
				PRODUCT_NAME = "$(TARGET_NAME)";
				SWIFT_EMIT_LOC_STRINGS = YES;
				SWIFT_VERSION = 5.0;
				TARGETED_DEVICE_FAMILY = "1,2";
			};
			name = Release;
		};
		B859ABC92B184ECD0042EC95 /* Debug */ = {
			isa = XCBuildConfiguration;
			buildSettings = {
				ALWAYS_EMBED_SWIFT_STANDARD_LIBRARIES = YES;
				BUNDLE_LOADER = "$(TEST_HOST)";
				CODE_SIGN_STYLE = Automatic;
				CURRENT_PROJECT_VERSION = 1;
				DEVELOPMENT_TEAM = HRGV3U4QN8;
				GENERATE_INFOPLIST_FILE = YES;
				IPHONEOS_DEPLOYMENT_TARGET = 17.0;
				MARKETING_VERSION = 1.0;
				PRODUCT_BUNDLE_IDENTIFIER = com.naver.yyj1453.SettingAppTests;
				PRODUCT_NAME = "$(TARGET_NAME)";
				SWIFT_EMIT_LOC_STRINGS = NO;
				SWIFT_VERSION = 5.0;
				TARGETED_DEVICE_FAMILY = "1,2";
				TEST_HOST = "$(BUILT_PRODUCTS_DIR)/SettingApp.app/$(BUNDLE_EXECUTABLE_FOLDER_PATH)/SettingApp";
			};
			name = Debug;
		};
		B859ABCA2B184ECD0042EC95 /* Release */ = {
			isa = XCBuildConfiguration;
			buildSettings = {
				ALWAYS_EMBED_SWIFT_STANDARD_LIBRARIES = YES;
				BUNDLE_LOADER = "$(TEST_HOST)";
				CODE_SIGN_STYLE = Automatic;
				CURRENT_PROJECT_VERSION = 1;
				DEVELOPMENT_TEAM = HRGV3U4QN8;
				GENERATE_INFOPLIST_FILE = YES;
				IPHONEOS_DEPLOYMENT_TARGET = 17.0;
				MARKETING_VERSION = 1.0;
				PRODUCT_BUNDLE_IDENTIFIER = com.naver.yyj1453.SettingAppTests;
				PRODUCT_NAME = "$(TARGET_NAME)";
				SWIFT_EMIT_LOC_STRINGS = NO;
				SWIFT_VERSION = 5.0;
				TARGETED_DEVICE_FAMILY = "1,2";
				TEST_HOST = "$(BUILT_PRODUCTS_DIR)/SettingApp.app/$(BUNDLE_EXECUTABLE_FOLDER_PATH)/SettingApp";
			};
			name = Release;
		};
		B859ABCC2B184ECD0042EC95 /* Debug */ = {
			isa = XCBuildConfiguration;
			buildSettings = {
				ALWAYS_EMBED_SWIFT_STANDARD_LIBRARIES = YES;
				CODE_SIGN_STYLE = Automatic;
				CURRENT_PROJECT_VERSION = 1;
				DEVELOPMENT_TEAM = HRGV3U4QN8;
				GENERATE_INFOPLIST_FILE = YES;
				MARKETING_VERSION = 1.0;
				PRODUCT_BUNDLE_IDENTIFIER = com.naver.yyj1453.SettingAppUITests;
				PRODUCT_NAME = "$(TARGET_NAME)";
				SWIFT_EMIT_LOC_STRINGS = NO;
				SWIFT_VERSION = 5.0;
				TARGETED_DEVICE_FAMILY = "1,2";
				TEST_TARGET_NAME = SettingApp;
			};
			name = Debug;
		};
		B859ABCD2B184ECD0042EC95 /* Release */ = {
			isa = XCBuildConfiguration;
			buildSettings = {
				ALWAYS_EMBED_SWIFT_STANDARD_LIBRARIES = YES;
				CODE_SIGN_STYLE = Automatic;
				CURRENT_PROJECT_VERSION = 1;
				DEVELOPMENT_TEAM = HRGV3U4QN8;
				GENERATE_INFOPLIST_FILE = YES;
				MARKETING_VERSION = 1.0;
				PRODUCT_BUNDLE_IDENTIFIER = com.naver.yyj1453.SettingAppUITests;
				PRODUCT_NAME = "$(TARGET_NAME)";
				SWIFT_EMIT_LOC_STRINGS = NO;
				SWIFT_VERSION = 5.0;
				TARGETED_DEVICE_FAMILY = "1,2";
				TEST_TARGET_NAME = SettingApp;
			};
			name = Release;
		};
/* End XCBuildConfiguration section */

/* Begin XCConfigurationList section */
		B859AB9C2B184ECC0042EC95 /* Build configuration list for PBXProject "SettingApp" */ = {
			isa = XCConfigurationList;
			buildConfigurations = (
				B859ABC32B184ECD0042EC95 /* Debug */,
				B859ABC42B184ECD0042EC95 /* Release */,
			);
			defaultConfigurationIsVisible = 0;
			defaultConfigurationName = Release;
		};
		B859ABC52B184ECD0042EC95 /* Build configuration list for PBXNativeTarget "SettingApp" */ = {
			isa = XCConfigurationList;
			buildConfigurations = (
				B859ABC62B184ECD0042EC95 /* Debug */,
				B859ABC72B184ECD0042EC95 /* Release */,
			);
			defaultConfigurationIsVisible = 0;
			defaultConfigurationName = Release;
		};
		B859ABC82B184ECD0042EC95 /* Build configuration list for PBXNativeTarget "SettingAppTests" */ = {
			isa = XCConfigurationList;
			buildConfigurations = (
				B859ABC92B184ECD0042EC95 /* Debug */,
				B859ABCA2B184ECD0042EC95 /* Release */,
			);
			defaultConfigurationIsVisible = 0;
			defaultConfigurationName = Release;
		};
		B859ABCB2B184ECD0042EC95 /* Build configuration list for PBXNativeTarget "SettingAppUITests" */ = {
			isa = XCConfigurationList;
			buildConfigurations = (
				B859ABCC2B184ECD0042EC95 /* Debug */,
				B859ABCD2B184ECD0042EC95 /* Release */,
			);
			defaultConfigurationIsVisible = 0;
			defaultConfigurationName = Release;
		};
/* End XCConfigurationList section */
	};
	rootObject = B859AB992B184ECC0042EC95 /* Project object */;
}
